
Microsoft Visual Studio Solution File, Format Version 12.00
# Visual Studio Version 17
VisualStudioVersion = 17.6.33717.318
MinimumVisualStudioVersion = 10.0.40219.1
Project("{FAE04EC0-301F-11D3-BF4B-00C04F79EFBC}") = "ClientChatOFG", "ClientChatOFG.csproj", "{AA5E378E-DFB4-4305-802B-1C9B83C40130}"
EndProject
Project("{FAE04EC0-301F-11D3-BF4B-00C04F79EFBC}") = "ServerChatOFG", "..\ServerChatOFG\ServerChatOFG.csproj", "{2138BC9C-D022-4C31-A96D-46485B41AE8B}"
EndProject
Project("{FAE04EC0-301F-11D3-BF4B-00C04F79EFBC}") = "TestChatOFG", "..\TestChatOFG\TestChatOFG.csproj", "{851C1A18-D17F-47C7-8A05-FF0F791D828B}"
EndProject
Global
	GlobalSection(SolutionConfigurationPlatforms) = preSolution
		Debug|Any CPU = Debug|Any CPU
		Release|Any CPU = Release|Any CPU
	EndGlobalSection
	GlobalSection(ProjectConfigurationPlatforms) = postSolution
		{AA5E378E-DFB4-4305-802B-1C9B83C40130}.Debug|Any CPU.ActiveCfg = Debug|Any CPU
		{AA5E378E-DFB4-4305-802B-1C9B83C40130}.Debug|Any CPU.Build.0 = Debug|Any CPU
		{AA5E378E-DFB4-4305-802B-1C9B83C40130}.Release|Any CPU.ActiveCfg = Release|Any CPU
		{AA5E378E-DFB4-4305-802B-1C9B83C40130}.Release|Any CPU.Build.0 = Release|Any CPU
		{2138BC9C-D022-4C31-A96D-46485B41AE8B}.Debug|Any CPU.ActiveCfg = Debug|Any CPU
		{2138BC9C-D022-4C31-A96D-46485B41AE8B}.Debug|Any CPU.Build.0 = Debug|Any CPU
		{2138BC9C-D022-4C31-A96D-46485B41AE8B}.Release|Any CPU.ActiveCfg = Release|Any CPU
		{2138BC9C-D022-4C31-A96D-46485B41AE8B}.Release|Any CPU.Build.0 = Release|Any CPU
		{851C1A18-D17F-47C7-8A05-FF0F791D828B}.Debug|Any CPU.ActiveCfg = Debug|Any CPU
		{851C1A18-D17F-47C7-8A05-FF0F791D828B}.Debug|Any CPU.Build.0 = Debug|Any CPU
		{851C1A18-D17F-47C7-8A05-FF0F791D828B}.Release|Any CPU.ActiveCfg = Release|Any CPU
		{851C1A18-D17F-47C7-8A05-FF0F791D828B}.Release|Any CPU.Build.0 = Release|Any CPU
	EndGlobalSection
	GlobalSection(SolutionProperties) = preSolution
		HideSolutionNode = FALSE
	EndGlobalSection
	GlobalSection(ExtensibilityGlobals) = postSolution
		SolutionGuid = {E23983B1-62C0-4754-B335-67A6AAAD2418}
	EndGlobalSection
EndGlobal
